// !$*UTF8*$!
{
	archiveVersion = 1;
	classes = {
	};
	objectVersion = 54;
	objects = {

/* Begin PBXBuildFile section */
		A933957A26054916006C096B /* bootstrap.js in Resources */ = {isa = PBXBuildFile; fileRef = A933957926054916006C096B /* bootstrap.js */; };
		A9E41E862604FF1200D201C8 /* bootstrap-en.css in Resources */ = {isa = PBXBuildFile; fileRef = A9E41E852604FF1200D201C8 /* bootstrap-en.css */; };
		A9E41E892605000F00D201C8 /* Mango.swift in Sources */ = {isa = PBXBuildFile; fileRef = A9E41E882605000F00D201C8 /* Mango.swift */; };
		A9E41E8C2605004600D201C8 /* Lettuce.swift in Sources */ = {isa = PBXBuildFile; fileRef = A9E41E8B2605004600D201C8 /* Lettuce.swift */; };
		A9E41E8F2605004F00D201C8 /* Cherry.swift in Sources */ = {isa = PBXBuildFile; fileRef = A9E41E8E2605004F00D201C8 /* Cherry.swift */; };
		C1B7EF7023F74837001FE407 /* AppDelegate.swift in Sources */ = {isa = PBXBuildFile; fileRef = C1B7EF6F23F74837001FE407 /* AppDelegate.swift */; };
		C1B7EF7423F74837001FE407 /* Banana.swift in Sources */ = {isa = PBXBuildFile; fileRef = C1B7EF7323F74837001FE407 /* Banana.swift */; };
		C1B7EF7723F74837001FE407 /* Main.storyboard in Resources */ = {isa = PBXBuildFile; fileRef = C1B7EF7523F74837001FE407 /* Main.storyboard */; };
		C1B7EF7923F7483A001FE407 /* Assets.xcassets in Resources */ = {isa = PBXBuildFile; fileRef = C1B7EF7823F7483A001FE407 /* Assets.xcassets */; };
		C1B7EF7C23F7483A001FE407 /* LaunchScreen.storyboard in Resources */ = {isa = PBXBuildFile; fileRef = C1B7EF7A23F7483A001FE407 /* LaunchScreen.storyboard */; };
/* End PBXBuildFile section */

/* Begin PBXFileReference section */
		A933957926054916006C096B /* bootstrap.js */ = {isa = PBXFileReference; fileEncoding = 4; lastKnownFileType = sourcecode.javascript; path = bootstrap.js; sourceTree = "<group>"; };
		A9E41E852604FF1200D201C8 /* bootstrap-en.css */ = {isa = PBXFileReference; fileEncoding = 4; lastKnownFileType = text.css; path = "bootstrap-en.css"; sourceTree = "<group>"; };
		A9E41E882605000F00D201C8 /* Mango.swift */ = {isa = PBXFileReference; lastKnownFileType = sourcecode.swift; path = Mango.swift; sourceTree = "<group>"; };
		A9E41E8B2605004600D201C8 /* Lettuce.swift */ = {isa = PBXFileReference; lastKnownFileType = sourcecode.swift; path = Lettuce.swift; sourceTree = "<group>"; };
		A9E41E8E2605004F00D201C8 /* Cherry.swift */ = {isa = PBXFileReference; lastKnownFileType = sourcecode.swift; path = Cherry.swift; sourceTree = "<group>"; };
		C1B7EF6C23F74837001FE407 /* Cookie.app */ = {isa = PBXFileReference; explicitFileType = wrapper.application; includeInIndex = 0; path = Cookie.app; sourceTree = BUILT_PRODUCTS_DIR; };
		C1B7EF6F23F74837001FE407 /* AppDelegate.swift */ = {isa = PBXFileReference; lastKnownFileType = sourcecode.swift; path = AppDelegate.swift; sourceTree = "<group>"; };
		C1B7EF7323F74837001FE407 /* Banana.swift */ = {isa = PBXFileReference; lastKnownFileType = sourcecode.swift; path = Banana.swift; sourceTree = "<group>"; };
		C1B7EF7623F74837001FE407 /* Base */ = {isa = PBXFileReference; lastKnownFileType = file.storyboard; name = Base; path = Base.lproj/Main.storyboard; sourceTree = "<group>"; };
		C1B7EF7823F7483A001FE407 /* Assets.xcassets */ = {isa = PBXFileReference; lastKnownFileType = folder.assetcatalog; path = Assets.xcassets; sourceTree = "<group>"; };
		C1B7EF7B23F7483A001FE407 /* Base */ = {isa = PBXFileReference; lastKnownFileType = file.storyboard; name = Base; path = Base.lproj/LaunchScreen.storyboard; sourceTree = "<group>"; };
		C1B7EF7D23F7483A001FE407 /* Info.plist */ = {isa = PBXFileReference; lastKnownFileType = text.plist.xml; path = Info.plist; sourceTree = "<group>"; };
/* End PBXFileReference section */

/* Begin PBXFrameworksBuildPhase section */
		C1B7EF6923F74837001FE407 /* Frameworks */ = {
			isa = PBXFrameworksBuildPhase;
			buildActionMask = 2147483647;
			files = (
			);
			runOnlyForDeploymentPostprocessing = 0;
		};
/* End PBXFrameworksBuildPhase section */

/* Begin PBXGroup section */
		C1B7EF6323F74837001FE407 = {
			isa = PBXGroup;
			children = (
				C1B7EF6E23F74837001FE407 /* Cookie */,
				C1B7EF6D23F74837001FE407 /* Products */,
			);
			sourceTree = "<group>";
		};
		C1B7EF6D23F74837001FE407 /* Products */ = {
			isa = PBXGroup;
			children = (
				C1B7EF6C23F74837001FE407 /* Cookie.app */,
			);
			name = Products;
			sourceTree = "<group>";
		};
		C1B7EF6E23F74837001FE407 /* Cookie */ = {
			isa = PBXGroup;
			children = (
				C1B7EF6F23F74837001FE407 /* AppDelegate.swift */,
				C1B7EF7323F74837001FE407 /* Banana.swift */,
				A9E41E882605000F00D201C8 /* Mango.swift */,
				A9E41E8B2605004600D201C8 /* Lettuce.swift */,
				A9E41E8E2605004F00D201C8 /* Cherry.swift */,
				A9E41E852604FF1200D201C8 /* bootstrap-en.css */,
				A933957926054916006C096B /* bootstrap.js */,
				C1B7EF7523F74837001FE407 /* Main.storyboard */,
				C1B7EF7823F7483A001FE407 /* Assets.xcassets */,
				C1B7EF7A23F7483A001FE407 /* LaunchScreen.storyboard */,
				C1B7EF7D23F7483A001FE407 /* Info.plist */,
			);
			path = Cookie;
			sourceTree = "<group>";
		};
/* End PBXGroup section */

/* Begin PBXNativeTarget section */
		C1B7EF6B23F74837001FE407 /* Cookie */ = {
			isa = PBXNativeTarget;
			buildConfigurationList = C1B7EF8023F7483A001FE407 /* Build configuration list for PBXNativeTarget "Cookie" */;
			buildPhases = (
				C1B7EF6823F74837001FE407 /* Sources */,
				C1B7EF6923F74837001FE407 /* Frameworks */,
				C1B7EF6A23F74837001FE407 /* Resources */,
			);
			buildRules = (
			);
			dependencies = (
			);
			name = Cookie;
			productName = WebView;
			productReference = C1B7EF6C23F74837001FE407 /* Cookie.app */;
			productType = "com.apple.product-type.application";
		};
/* End PBXNativeTarget section */

/* Begin PBXProject section */
		C1B7EF6423F74837001FE407 /* Project object */ = {
			isa = PBXProject;
			attributes = {
				LastSwiftUpdateCheck = 1130;
				LastUpgradeCheck = 1240;
				ORGANIZATIONNAME = "Marco Tini";
				TargetAttributes = {
					C1B7EF6B23F74837001FE407 = {
						CreatedOnToolsVersion = 11.3.1;
					};
				};
			};
			buildConfigurationList = C1B7EF6723F74837001FE407 /* Build configuration list for PBXProject "Cookie" */;
			compatibilityVersion = "Xcode 12.0";
			developmentRegion = en;
			hasScannedForEncodings = 0;
			knownRegions = (
				en,
				Base,
			);
			mainGroup = C1B7EF6323F74837001FE407;
			productRefGroup = C1B7EF6D23F74837001FE407 /* Products */;
			projectDirPath = "";
			projectRoot = "";
			targets = (
				C1B7EF6B23F74837001FE407 /* Cookie */,
			);
		};
/* End PBXProject section */

/* Begin PBXResourcesBuildPhase section */
		C1B7EF6A23F74837001FE407 /* Resources */ = {
			isa = PBXResourcesBuildPhase;
			buildActionMask = 2147483647;
			files = (
				C1B7EF7C23F7483A001FE407 /* LaunchScreen.storyboard in Resources */,
				A9E41E862604FF1200D201C8 /* bootstrap-en.css in Resources */,
				A933957A26054916006C096B /* bootstrap.js in Resources */,
				C1B7EF7923F7483A001FE407 /* Assets.xcassets in Resources */,
				C1B7EF7723F74837001FE407 /* Main.storyboard in Resources */,
			);
			runOnlyForDeploymentPostprocessing = 0;
		};
/* End PBXResourcesBuildPhase section */

/* Begin PBXSourcesBuildPhase section */
		C1B7EF6823F74837001FE407 /* Sources */ = {
			isa = PBXSourcesBuildPhase;
			buildActionMask = 2147483647;
			files = (
				C1B7EF7423F74837001FE407 /* Banana.swift in Sources */,
				C1B7EF7023F74837001FE407 /* AppDelegate.swift in Sources */,
				A9E41E892605000F00D201C8 /* Mango.swift in Sources */,
				A9E41E8F2605004F00D201C8 /* Cherry.swift in Sources */,
				A9E41E8C2605004600D201C8 /* Lettuce.swift in Sources */,
			);
			runOnlyForDeploymentPostprocessing = 0;
		};
/* End PBXSourcesBuildPhase section */

/* Begin PBXVariantGroup section */
		C1B7EF7523F74837001FE407 /* Main.storyboard */ = {
			isa = PBXVariantGroup;
			children = (
				C1B7EF7623F74837001FE407 /* Base */,
			);
			name = Main.storyboard;
			sourceTree = "<group>";
		};
		C1B7EF7A23F7483A001FE407 /* LaunchScreen.storyboard */ = {
			isa = PBXVariantGroup;
			children = (
				C1B7EF7B23F7483A001FE407 /* Base */,
			);
			name = LaunchScreen.storyboard;
			sourceTree = "<group>";
		};
/* End PBXVariantGroup section */

/* Begin XCBuildConfiguration section */
		C1B7EF7E23F7483A001FE407 /* Debug */ = {
			isa = XCBuildConfiguration;
			buildSettings = {
				ALWAYS_SEARCH_USER_PATHS = NO;
				CLANG_ANALYZER_NONNULL = YES;
				CLANG_ANALYZER_NUMBER_OBJECT_CONVERSION = YES_AGGRESSIVE;
				CLANG_CXX_LANGUAGE_STANDARD = "gnu++14";
				CLANG_CXX_LIBRARY = "libc++";
				CLANG_ENABLE_MODULES = YES;
				CLANG_ENABLE_OBJC_ARC = YES;
				CLANG_ENABLE_OBJC_WEAK = YES;
				CLANG_WARN_BLOCK_CAPTURE_AUTORELEASING = YES;
				CLANG_WARN_BOOL_CONVERSION = YES;
				CLANG_WARN_COMMA = YES;
				CLANG_WARN_CONSTANT_CONVERSION = YES;
				CLANG_WARN_DEPRECATED_OBJC_IMPLEMENTATIONS = YES;
				CLANG_WARN_DIRECT_OBJC_ISA_USAGE = YES_ERROR;
				CLANG_WARN_DOCUMENTATION_COMMENTS = YES;
				CLANG_WARN_EMPTY_BODY = YES;
				CLANG_WARN_ENUM_CONVERSION = YES;
				CLANG_WARN_INFINITE_RECURSION = YES;
				CLANG_WARN_INT_CONVERSION = YES;
				CLANG_WARN_NON_LITERAL_NULL_CONVERSION = YES;
				CLANG_WARN_OBJC_IMPLICIT_RETAIN_SELF = YES;
				CLANG_WARN_OBJC_LITERAL_CONVERSION = YES;
				CLANG_WARN_OBJC_ROOT_CLASS = YES_ERROR;
				CLANG_WARN_QUOTED_INCLUDE_IN_FRAMEWORK_HEADER = YES;
				CLANG_WARN_RANGE_LOOP_ANALYSIS = YES;
				CLANG_WARN_STRICT_PROTOTYPES = YES;
				CLANG_WARN_SUSPICIOUS_MOVE = YES;
				CLANG_WARN_UNGUARDED_AVAILABILITY = YES_AGGRESSIVE;
				CLANG_WARN_UNREACHABLE_CODE = YES;
				CLANG_WARN__DUPLICATE_METHOD_MATCH = YES;
				COPY_PHASE_STRIP = NO;
				DEBUG_INFORMATION_FORMAT = dwarf;
				ENABLE_STRICT_OBJC_MSGSEND = YES;
				ENABLE_TESTABILITY = YES;
				GCC_C_LANGUAGE_STANDARD = gnu11;
				GCC_DYNAMIC_NO_PIC = NO;
				GCC_NO_COMMON_BLOCKS = YES;
				GCC_OPTIMIZATION_LEVEL = 0;
				GCC_PREPROCESSOR_DEFINITIONS = (
					"DEBUG=1",
					"$(inherited)",
				);
				GCC_WARN_64_TO_32_BIT_CONVERSION = YES;
				GCC_WARN_ABOUT_RETURN_TYPE = YES_ERROR;
				GCC_WARN_UNDECLARED_SELECTOR = YES;
				GCC_WARN_UNINITIALIZED_AUTOS = YES_AGGRESSIVE;
				GCC_WARN_UNUSED_FUNCTION = YES;
				GCC_WARN_UNUSED_VARIABLE = YES;
				IPHONEOS_DEPLOYMENT_TARGET = 12.0;
				MTL_ENABLE_DEBUG_INFO = INCLUDE_SOURCE;
				MTL_FAST_MATH = YES;
				ONLY_ACTIVE_ARCH = YES;
				SDKROOT = iphoneos;
				SWIFT_ACTIVE_COMPILATION_CONDITIONS = DEBUG;
				SWIFT_OPTIMIZATION_LEVEL = "-Onone";
			};
			name = Debug;
		};
		C1B7EF7F23F7483A001FE407 /* Release */ = {
			isa = XCBuildConfiguration;
			buildSettings = {
				ALWAYS_SEARCH_USER_PATHS = NO;
				CLANG_ANALYZER_NONNULL = YES;
				CLANG_ANALYZER_NUMBER_OBJECT_CONVERSION = YES_AGGRESSIVE;
				CLANG_CXX_LANGUAGE_STANDARD = "gnu++14";
				CLANG_CXX_LIBRARY = "libc++";
				CLANG_ENABLE_MODULES = YES;
				CLANG_ENABLE_OBJC_ARC = YES;
				CLANG_ENABLE_OBJC_WEAK = YES;
				CLANG_WARN_BLOCK_CAPTURE_AUTORELEASING = YES;
				CLANG_WARN_BOOL_CONVERSION = YES;
				CLANG_WARN_COMMA = YES;
				CLANG_WARN_CONSTANT_CONVERSION = YES;
				CLANG_WARN_DEPRECATED_OBJC_IMPLEMENTATIONS = YES;
				CLANG_WARN_DIRECT_OBJC_ISA_USAGE = YES_ERROR;
				CLANG_WARN_DOCUMENTATION_COMMENTS = YES;
				CLANG_WARN_EMPTY_BODY = YES;
				CLANG_WARN_ENUM_CONVERSION = YES;
				CLANG_WARN_INFINITE_RECURSION = YES;
				CLANG_WARN_INT_CONVERSION = YES;
				CLANG_WARN_NON_LITERAL_NULL_CONVERSION = YES;
				CLANG_WARN_OBJC_IMPLICIT_RETAIN_SELF = YES;
				CLANG_WARN_OBJC_LITERAL_CONVERSION = YES;
				CLANG_WARN_OBJC_ROOT_CLASS = YES_ERROR;
				CLANG_WARN_QUOTED_INCLUDE_IN_FRAMEWORK_HEADER = YES;
				CLANG_WARN_RANGE_LOOP_ANALYSIS = YES;
				CLANG_WARN_STRICT_PROTOTYPES = YES;
				CLANG_WARN_SUSPICIOUS_MOVE = YES;
				CLANG_WARN_UNGUARDED_AVAILABILITY = YES_AGGRESSIVE;
				CLANG_WARN_UNREACHABLE_CODE = YES;
				CLANG_WARN__DUPLICATE_METHOD_MATCH = YES;
				COPY_PHASE_STRIP = NO;
				DEBUG_INFORMATION_FORMAT = "dwarf-with-dsym";
				ENABLE_NS_ASSERTIONS = NO;
				ENABLE_STRICT_OBJC_MSGSEND = YES;
				GCC_C_LANGUAGE_STANDARD = gnu11;
				GCC_NO_COMMON_BLOCKS = YES;
				GCC_WARN_64_TO_32_BIT_CONVERSION = YES;
				GCC_WARN_ABOUT_RETURN_TYPE = YES_ERROR;
				GCC_WARN_UNDECLARED_SELECTOR = YES;
				GCC_WARN_UNINITIALIZED_AUTOS = YES_AGGRESSIVE;
				GCC_WARN_UNUSED_FUNCTION = YES;
				GCC_WARN_UNUSED_VARIABLE = YES;
				IPHONEOS_DEPLOYMENT_TARGET = 12.0;
				MTL_ENABLE_DEBUG_INFO = NO;
				MTL_FAST_MATH = YES;
				SDKROOT = iphoneos;
				SWIFT_COMPILATION_MODE = wholemodule;
				SWIFT_OPTIMIZATION_LEVEL = "-O";
				VALIDATE_PRODUCT = YES;
			};
			name = Release;
		};
		C1B7EF8123F7483A001FE407 /* Debug */ = {
			isa = XCBuildConfiguration;
			buildSettings = {
				ASSETCATALOG_COMPILER_APPICON_NAME = AppIcon;
				CODE_SIGN_STYLE = Automatic;
				CURRENT_PROJECT_VERSION = 1;
				DEVELOPMENT_TEAM = TK7WL92UD9;
				INFOPLIST_FILE = Cookie/Info.plist;
				IPHONEOS_DEPLOYMENT_TARGET = 12.0;
				LD_RUNPATH_SEARCH_PATHS = (
					"$(inherited)",
					"@executable_path/Frameworks",
				);
				PRODUCT_BUNDLE_IDENTIFIER = com.marcotini.cookie;
				PRODUCT_NAME = "$(TARGET_NAME)";
				SWIFT_VERSION = 5.0;
				TARGETED_DEVICE_FAMILY = 1;
			};
			name = Debug;
		};
		C1B7EF8223F7483A001FE407 /* Release */ = {
			isa = XCBuildConfiguration;
			buildSettings = {
				ASSETCATALOG_COMPILER_APPICON_NAME = AppIcon;
				CODE_SIGN_STYLE = Automatic;
				CURRENT_PROJECT_VERSION = 1;
				DEVELOPMENT_TEAM = TK7WL92UD9;
				INFOPLIST_FILE = Cookie/Info.plist;
				IPHONEOS_DEPLOYMENT_TARGET = 12.0;
				LD_RUNPATH_SEARCH_PATHS = (
					"$(inherited)",
					"@executable_path/Frameworks",
				);
				PRODUCT_BUNDLE_IDENTIFIER = com.marcotini.cookie;
				PRODUCT_NAME = "$(TARGET_NAME)";
				SWIFT_VERSION = 5.0;
				TARGETED_DEVICE_FAMILY = 1;
			};
			name = Release;
		};
/* End XCBuildConfiguration section */

/* Begin XCConfigurationList section */
		C1B7EF6723F74837001FE407 /* Build configuration list for PBXProject "Cookie" */ = {
			isa = XCConfigurationList;
			buildConfigurations = (
				C1B7EF7E23F7483A001FE407 /* Debug */,
				C1B7EF7F23F7483A001FE407 /* Release */,
			);
			defaultConfigurationIsVisible = 0;
			defaultConfigurationName = Release;
		};
		C1B7EF8023F7483A001FE407 /* Build configuration list for PBXNativeTarget "Cookie" */ = {
			isa = XCConfigurationList;
			buildConfigurations = (
				C1B7EF8123F7483A001FE407 /* Debug */,
				C1B7EF8223F7483A001FE407 /* Release */,
			);
			defaultConfigurationIsVisible = 0;
			defaultConfigurationName = Release;
		};
/* End XCConfigurationList section */
	};
	rootObject = C1B7EF6423F74837001FE407 /* Project object */;
}
